// !$*UTF8*$!
{
	archiveVersion = 1;
	classes = {
	};
	objectVersion = 46;
	objects = {

/* Begin PBXBuildFile section */
		3317F15A1DE496D100FA1E87 /* AcousticModelEnglish.bundle in Resources */ = {isa = PBXBuildFile; fileRef = 3317F1571DE496D100FA1E87 /* AcousticModelEnglish.bundle */; };
		3317F15B1DE496D100FA1E87 /* OpenEars.framework in Frameworks */ = {isa = PBXBuildFile; fileRef = 3317F1581DE496D100FA1E87 /* OpenEars.framework */; };
		3317F15C1DE496D100FA1E87 /* Slt.framework in Frameworks */ = {isa = PBXBuildFile; fileRef = 3317F1591DE496D100FA1E87 /* Slt.framework */; };
		3317F15E1DE4972200FA1E87 /* AudioToolbox.framework in Frameworks */ = {isa = PBXBuildFile; fileRef = 3317F15D1DE4972200FA1E87 /* AudioToolbox.framework */; };
		3317F1601DE4972B00FA1E87 /* AVFoundation.framework in Frameworks */ = {isa = PBXBuildFile; fileRef = 3317F15F1DE4972B00FA1E87 /* AVFoundation.framework */; };
		33658EA41DE6002F007B26E5 /* Device+CoreDataProperties.m in Sources */ = {isa = PBXBuildFile; fileRef = 33658E9D1DE6002F007B26E5 /* Device+CoreDataProperties.m */; };
		33658EA51DE6002F007B26E5 /* Device.m in Sources */ = {isa = PBXBuildFile; fileRef = 33658E9F1DE6002F007B26E5 /* Device.m */; };
		33658EA61DE6002F007B26E5 /* Message+CoreDataProperties.m in Sources */ = {isa = PBXBuildFile; fileRef = 33658EA11DE6002F007B26E5 /* Message+CoreDataProperties.m */; };
		33658EA71DE6002F007B26E5 /* Message.m in Sources */ = {isa = PBXBuildFile; fileRef = 33658EA31DE6002F007B26E5 /* Message.m */; };
		337F5B831DFD1E3100905A57 /* Settings.bundle in Resources */ = {isa = PBXBuildFile; fileRef = 337F5B821DFD1E3100905A57 /* Settings.bundle */; };
		339B5E1B1DDC746E005A3783 /* main.m in Sources */ = {isa = PBXBuildFile; fileRef = 339B5E1A1DDC746E005A3783 /* main.m */; };
		339B5E1E1DDC746E005A3783 /* AppDelegate.m in Sources */ = {isa = PBXBuildFile; fileRef = 339B5E1D1DDC746E005A3783 /* AppDelegate.m */; };
		339B5E211DDC746E005A3783 /* ViewController.m in Sources */ = {isa = PBXBuildFile; fileRef = 339B5E201DDC746E005A3783 /* ViewController.m */; };
		339B5E241DDC746E005A3783 /* Main.storyboard in Resources */ = {isa = PBXBuildFile; fileRef = 339B5E221DDC746E005A3783 /* Main.storyboard */; };
		339B5E271DDC746E005A3783 /* VAssistNew.xcdatamodeld in Sources */ = {isa = PBXBuildFile; fileRef = 339B5E251DDC746E005A3783 /* VAssistNew.xcdatamodeld */; };
		339B5E291DDC746E005A3783 /* Assets.xcassets in Resources */ = {isa = PBXBuildFile; fileRef = 339B5E281DDC746E005A3783 /* Assets.xcassets */; };
		339B5E2C1DDC746E005A3783 /* LaunchScreen.storyboard in Resources */ = {isa = PBXBuildFile; fileRef = 339B5E2A1DDC746E005A3783 /* LaunchScreen.storyboard */; };
		339B5E4C1DDC8710005A3783 /* Constants.m in Sources */ = {isa = PBXBuildFile; fileRef = 339B5E4B1DDC8710005A3783 /* Constants.m */; };
		339B5E511DDC8723005A3783 /* ObjectViewController.m in Sources */ = {isa = PBXBuildFile; fileRef = 339B5E4E1DDC8723005A3783 /* ObjectViewController.m */; };
		339B5E521DDC8723005A3783 /* Utility.m in Sources */ = {isa = PBXBuildFile; fileRef = 339B5E501DDC8723005A3783 /* Utility.m */; };
		33B573121DF2E2F5007F074F /* Devices.plist in Resources */ = {isa = PBXBuildFile; fileRef = 33B573111DF2E2F5007F074F /* Devices.plist */; };
		432E5FFA5374AB6E1773FCC4 /* libPods-VAssistNew.a in Frameworks */ = {isa = PBXBuildFile; fileRef = EA46530D98C6C64C0C490048 /* libPods-VAssistNew.a */; };
/* End PBXBuildFile section */

/* Begin PBXFileReference section */
		3317F1571DE496D100FA1E87 /* AcousticModelEnglish.bundle */ = {isa = PBXFileReference; lastKnownFileType = "wrapper.plug-in"; path = AcousticModelEnglish.bundle; sourceTree = "<group>"; };
		3317F1581DE496D100FA1E87 /* OpenEars.framework */ = {isa = PBXFileReference; lastKnownFileType = wrapper.framework; path = OpenEars.framework; sourceTree = "<group>"; };
		3317F1591DE496D100FA1E87 /* Slt.framework */ = {isa = PBXFileReference; lastKnownFileType = wrapper.framework; path = Slt.framework; sourceTree = "<group>"; };
		3317F15D1DE4972200FA1E87 /* AudioToolbox.framework */ = {isa = PBXFileReference; lastKnownFileType = wrapper.framework; name = AudioToolbox.framework; path = System/Library/Frameworks/AudioToolbox.framework; sourceTree = SDKROOT; };
		3317F15F1DE4972B00FA1E87 /* AVFoundation.framework */ = {isa = PBXFileReference; lastKnownFileType = wrapper.framework; name = AVFoundation.framework; path = System/Library/Frameworks/AVFoundation.framework; sourceTree = SDKROOT; };
		33658E9C1DE6002F007B26E5 /* Device+CoreDataProperties.h */ = {isa = PBXFileReference; fileEncoding = 4; lastKnownFileType = sourcecode.c.h; path = "Device+CoreDataProperties.h"; sourceTree = "<group>"; };
		33658E9D1DE6002F007B26E5 /* Device+CoreDataProperties.m */ = {isa = PBXFileReference; fileEncoding = 4; lastKnownFileType = sourcecode.c.objc; path = "Device+CoreDataProperties.m"; sourceTree = "<group>"; };
		33658E9E1DE6002F007B26E5 /* Device.h */ = {isa = PBXFileReference; fileEncoding = 4; lastKnownFileType = sourcecode.c.h; path = Device.h; sourceTree = "<group>"; };
		33658E9F1DE6002F007B26E5 /* Device.m */ = {isa = PBXFileReference; fileEncoding = 4; lastKnownFileType = sourcecode.c.objc; path = Device.m; sourceTree = "<group>"; };
		33658EA01DE6002F007B26E5 /* Message+CoreDataProperties.h */ = {isa = PBXFileReference; fileEncoding = 4; lastKnownFileType = sourcecode.c.h; path = "Message+CoreDataProperties.h"; sourceTree = "<group>"; };
		33658EA11DE6002F007B26E5 /* Message+CoreDataProperties.m */ = {isa = PBXFileReference; fileEncoding = 4; lastKnownFileType = sourcecode.c.objc; path = "Message+CoreDataProperties.m"; sourceTree = "<group>"; };
		33658EA21DE6002F007B26E5 /* Message.h */ = {isa = PBXFileReference; fileEncoding = 4; lastKnownFileType = sourcecode.c.h; path = Message.h; sourceTree = "<group>"; };
		33658EA31DE6002F007B26E5 /* Message.m */ = {isa = PBXFileReference; fileEncoding = 4; lastKnownFileType = sourcecode.c.objc; path = Message.m; sourceTree = "<group>"; };
		337F5B821DFD1E3100905A57 /* Settings.bundle */ = {isa = PBXFileReference; lastKnownFileType = "wrapper.plug-in"; path = Settings.bundle; sourceTree = "<group>"; };
		339B5E161DDC746E005A3783 /* VAssistNew.app */ = {isa = PBXFileReference; explicitFileType = wrapper.application; includeInIndex = 0; path = VAssistNew.app; sourceTree = BUILT_PRODUCTS_DIR; };
		339B5E1A1DDC746E005A3783 /* main.m */ = {isa = PBXFileReference; lastKnownFileType = sourcecode.c.objc; path = main.m; sourceTree = "<group>"; };
		339B5E1C1DDC746E005A3783 /* AppDelegate.h */ = {isa = PBXFileReference; lastKnownFileType = sourcecode.c.h; path = AppDelegate.h; sourceTree = "<group>"; };
		339B5E1D1DDC746E005A3783 /* AppDelegate.m */ = {isa = PBXFileReference; lastKnownFileType = sourcecode.c.objc; path = AppDelegate.m; sourceTree = "<group>"; };
		339B5E1F1DDC746E005A3783 /* ViewController.h */ = {isa = PBXFileReference; lastKnownFileType = sourcecode.c.h; path = ViewController.h; sourceTree = "<group>"; };
		339B5E201DDC746E005A3783 /* ViewController.m */ = {isa = PBXFileReference; lastKnownFileType = sourcecode.c.objc; path = ViewController.m; sourceTree = "<group>"; };
		339B5E231DDC746E005A3783 /* Base */ = {isa = PBXFileReference; lastKnownFileType = file.storyboard; name = Base; path = Base.lproj/Main.storyboard; sourceTree = "<group>"; };
		339B5E261DDC746E005A3783 /* VAssistNew.xcdatamodel */ = {isa = PBXFileReference; lastKnownFileType = wrapper.xcdatamodel; path = VAssistNew.xcdatamodel; sourceTree = "<group>"; };
		339B5E281DDC746E005A3783 /* Assets.xcassets */ = {isa = PBXFileReference; lastKnownFileType = folder.assetcatalog; path = Assets.xcassets; sourceTree = "<group>"; };
		339B5E2B1DDC746E005A3783 /* Base */ = {isa = PBXFileReference; lastKnownFileType = file.storyboard; name = Base; path = Base.lproj/LaunchScreen.storyboard; sourceTree = "<group>"; };
		339B5E2D1DDC746E005A3783 /* Info.plist */ = {isa = PBXFileReference; lastKnownFileType = text.plist.xml; path = Info.plist; sourceTree = "<group>"; };
		339B5E4A1DDC8710005A3783 /* Constants.h */ = {isa = PBXFileReference; fileEncoding = 4; lastKnownFileType = sourcecode.c.h; path = Constants.h; sourceTree = "<group>"; };
		339B5E4B1DDC8710005A3783 /* Constants.m */ = {isa = PBXFileReference; fileEncoding = 4; lastKnownFileType = sourcecode.c.objc; path = Constants.m; sourceTree = "<group>"; };
		339B5E4D1DDC8723005A3783 /* ObjectViewController.h */ = {isa = PBXFileReference; fileEncoding = 4; lastKnownFileType = sourcecode.c.h; path = ObjectViewController.h; sourceTree = "<group>"; };
		339B5E4E1DDC8723005A3783 /* ObjectViewController.m */ = {isa = PBXFileReference; fileEncoding = 4; lastKnownFileType = sourcecode.c.objc; path = ObjectViewController.m; sourceTree = "<group>"; };
		339B5E4F1DDC8723005A3783 /* Utility.h */ = {isa = PBXFileReference; fileEncoding = 4; lastKnownFileType = sourcecode.c.h; path = Utility.h; sourceTree = "<group>"; };
		339B5E501DDC8723005A3783 /* Utility.m */ = {isa = PBXFileReference; fileEncoding = 4; lastKnownFileType = sourcecode.c.objc; path = Utility.m; sourceTree = "<group>"; };
		33B573111DF2E2F5007F074F /* Devices.plist */ = {isa = PBXFileReference; fileEncoding = 4; lastKnownFileType = text.plist.xml; path = Devices.plist; sourceTree = "<group>"; };
		84BF66B721FFB1CE023EF40B /* Pods-VAssistNew.debug.xcconfig */ = {isa = PBXFileReference; includeInIndex = 1; lastKnownFileType = text.xcconfig; name = "Pods-VAssistNew.debug.xcconfig"; path = "Pods/Target Support Files/Pods-VAssistNew/Pods-VAssistNew.debug.xcconfig"; sourceTree = "<group>"; };
		EA46530D98C6C64C0C490048 /* libPods-VAssistNew.a */ = {isa = PBXFileReference; explicitFileType = archive.ar; includeInIndex = 0; path = "libPods-VAssistNew.a"; sourceTree = BUILT_PRODUCTS_DIR; };
		FA5C9D701FCDE4A7DA6C8001 /* Pods-VAssistNew.release.xcconfig */ = {isa = PBXFileReference; includeInIndex = 1; lastKnownFileType = text.xcconfig; name = "Pods-VAssistNew.release.xcconfig"; path = "Pods/Target Support Files/Pods-VAssistNew/Pods-VAssistNew.release.xcconfig"; sourceTree = "<group>"; };
/* End PBXFileReference section */

/* Begin PBXFrameworksBuildPhase section */
		339B5E131DDC746E005A3783 /* Frameworks */ = {
			isa = PBXFrameworksBuildPhase;
			buildActionMask = 2147483647;
			files = (
				3317F1601DE4972B00FA1E87 /* AVFoundation.framework in Frameworks */,
				3317F15E1DE4972200FA1E87 /* AudioToolbox.framework in Frameworks */,
				3317F15C1DE496D100FA1E87 /* Slt.framework in Frameworks */,
				432E5FFA5374AB6E1773FCC4 /* libPods-VAssistNew.a in Frameworks */,
				3317F15B1DE496D100FA1E87 /* OpenEars.framework in Frameworks */,
			);
			runOnlyForDeploymentPostprocessing = 0;
		};
/* End PBXFrameworksBuildPhase section */

/* Begin PBXGroup section */
		3317F1561DE496D100FA1E87 /* OpenEars */ = {
			isa = PBXGroup;
			children = (
				3317F1571DE496D100FA1E87 /* AcousticModelEnglish.bundle */,
				3317F1581DE496D100FA1E87 /* OpenEars.framework */,
				3317F1591DE496D100FA1E87 /* Slt.framework */,
			);
			path = OpenEars;
			sourceTree = "<group>";
		};
		339B5E0D1DDC746E005A3783 = {
			isa = PBXGroup;
			children = (
				33B573111DF2E2F5007F074F /* Devices.plist */,
				3317F1561DE496D100FA1E87 /* OpenEars */,
				339B5E181DDC746E005A3783 /* VAssistNew */,
				339B5E171DDC746E005A3783 /* Products */,
				38F11F1F3E73E2B7D3932380 /* Pods */,
				8A8DD2909BC4EB89C5B2E7A4 /* Frameworks */,
			);
			sourceTree = "<group>";
		};
		339B5E171DDC746E005A3783 /* Products */ = {
			isa = PBXGroup;
			children = (
				339B5E161DDC746E005A3783 /* VAssistNew.app */,
			);
			name = Products;
			sourceTree = "<group>";
		};
		339B5E181DDC746E005A3783 /* VAssistNew */ = {
			isa = PBXGroup;
			children = (
				339B5E4D1DDC8723005A3783 /* ObjectViewController.h */,
				339B5E4E1DDC8723005A3783 /* ObjectViewController.m */,
				339B5E4F1DDC8723005A3783 /* Utility.h */,
				339B5E501DDC8723005A3783 /* Utility.m */,
				339B5E4A1DDC8710005A3783 /* Constants.h */,
				339B5E4B1DDC8710005A3783 /* Constants.m */,
				339B5E1C1DDC746E005A3783 /* AppDelegate.h */,
				339B5E1D1DDC746E005A3783 /* AppDelegate.m */,
				339B5E1F1DDC746E005A3783 /* ViewController.h */,
				339B5E201DDC746E005A3783 /* ViewController.m */,
				339B5E221DDC746E005A3783 /* Main.storyboard */,
				339B5E281DDC746E005A3783 /* Assets.xcassets */,
				339B5E2A1DDC746E005A3783 /* LaunchScreen.storyboard */,
				339B5E2D1DDC746E005A3783 /* Info.plist */,
				339B5E251DDC746E005A3783 /* VAssistNew.xcdatamodeld */,
				339B5E191DDC746E005A3783 /* Supporting Files */,
				33658E9C1DE6002F007B26E5 /* Device+CoreDataProperties.h */,
				33658E9D1DE6002F007B26E5 /* Device+CoreDataProperties.m */,
				33658E9E1DE6002F007B26E5 /* Device.h */,
				33658E9F1DE6002F007B26E5 /* Device.m */,
				33658EA01DE6002F007B26E5 /* Message+CoreDataProperties.h */,
				33658EA11DE6002F007B26E5 /* Message+CoreDataProperties.m */,
				33658EA21DE6002F007B26E5 /* Message.h */,
				33658EA31DE6002F007B26E5 /* Message.m */,
				337F5B821DFD1E3100905A57 /* Settings.bundle */,
			);
			path = VAssistNew;
			sourceTree = "<group>";
		};
		339B5E191DDC746E005A3783 /* Supporting Files */ = {
			isa = PBXGroup;
			children = (
				339B5E1A1DDC746E005A3783 /* main.m */,
			);
			name = "Supporting Files";
			sourceTree = "<group>";
		};
		38F11F1F3E73E2B7D3932380 /* Pods */ = {
			isa = PBXGroup;
			children = (
				84BF66B721FFB1CE023EF40B /* Pods-VAssistNew.debug.xcconfig */,
				FA5C9D701FCDE4A7DA6C8001 /* Pods-VAssistNew.release.xcconfig */,
			);
			name = Pods;
			sourceTree = "<group>";
		};
		8A8DD2909BC4EB89C5B2E7A4 /* Frameworks */ = {
			isa = PBXGroup;
			children = (
				3317F15F1DE4972B00FA1E87 /* AVFoundation.framework */,
				3317F15D1DE4972200FA1E87 /* AudioToolbox.framework */,
				EA46530D98C6C64C0C490048 /* libPods-VAssistNew.a */,
			);
			name = Frameworks;
			sourceTree = "<group>";
		};
/* End PBXGroup section */

/* Begin PBXNativeTarget section */
		339B5E151DDC746E005A3783 /* VAssistNew */ = {
			isa = PBXNativeTarget;
			buildConfigurationList = 339B5E301DDC746E005A3783 /* Build configuration list for PBXNativeTarget "VAssistNew" */;
			buildPhases = (
				0E2DB712C6C86BF79F784C5B /* [CP] Check Pods Manifest.lock */,
				339B5E121DDC746E005A3783 /* Sources */,
				339B5E131DDC746E005A3783 /* Frameworks */,
				339B5E141DDC746E005A3783 /* Resources */,
				B1B6A146CDE1BB5444D86AF5 /* [CP] Embed Pods Frameworks */,
				42182C3231BB5CBF0B224D36 /* [CP] Copy Pods Resources */,
			);
			buildRules = (
			);
			dependencies = (
			);
			name = VAssistNew;
			productName = VAssistNew;
			productReference = 339B5E161DDC746E005A3783 /* VAssistNew.app */;
			productType = "com.apple.product-type.application";
		};
/* End PBXNativeTarget section */

/* Begin PBXProject section */
		339B5E0E1DDC746E005A3783 /* Project object */ = {
			isa = PBXProject;
			attributes = {
				LastUpgradeCheck = 0730;
				ORGANIZATIONNAME = "Ant and Buffalo";
				TargetAttributes = {
					339B5E151DDC746E005A3783 = {
						CreatedOnToolsVersion = 7.3.1;
						DevelopmentTeam = QL3M939ZKU;
					};
				};
			};
			buildConfigurationList = 339B5E111DDC746E005A3783 /* Build configuration list for PBXProject "VAssistNew" */;
			compatibilityVersion = "Xcode 3.2";
			developmentRegion = English;
			hasScannedForEncodings = 0;
			knownRegions = (
				en,
				Base,
			);
			mainGroup = 339B5E0D1DDC746E005A3783;
			productRefGroup = 339B5E171DDC746E005A3783 /* Products */;
			projectDirPath = "";
			projectRoot = "";
			targets = (
				339B5E151DDC746E005A3783 /* VAssistNew */,
			);
		};
/* End PBXProject section */

/* Begin PBXResourcesBuildPhase section */
		339B5E141DDC746E005A3783 /* Resources */ = {
			isa = PBXResourcesBuildPhase;
			buildActionMask = 2147483647;
			files = (
				339B5E2C1DDC746E005A3783 /* LaunchScreen.storyboard in Resources */,
				3317F15A1DE496D100FA1E87 /* AcousticModelEnglish.bundle in Resources */,
				33B573121DF2E2F5007F074F /* Devices.plist in Resources */,
				339B5E291DDC746E005A3783 /* Assets.xcassets in Resources */,
				337F5B831DFD1E3100905A57 /* Settings.bundle in Resources */,
				339B5E241DDC746E005A3783 /* Main.storyboard in Resources */,
			);
			runOnlyForDeploymentPostprocessing = 0;
		};
/* End PBXResourcesBuildPhase section */

/* Begin PBXShellScriptBuildPhase section */
		0E2DB712C6C86BF79F784C5B /* [CP] Check Pods Manifest.lock */ = {
			isa = PBXShellScriptBuildPhase;
			buildActionMask = 2147483647;
			files = (
			);
			inputPaths = (
			);
			name = "[CP] Check Pods Manifest.lock";
			outputPaths = (
			);
			runOnlyForDeploymentPostprocessing = 0;
			shellPath = /bin/sh;
			shellScript = "diff \"${PODS_ROOT}/../Podfile.lock\" \"${PODS_ROOT}/Manifest.lock\" > /dev/null\nif [ $? != 0 ] ; then\n    # print error to STDERR\n    echo \"error: The sandbox is not in sync with the Podfile.lock. Run 'pod install' or update your CocoaPods installation.\" >&2\n    exit 1\nfi\n";
			showEnvVarsInLog = 0;
		};
		42182C3231BB5CBF0B224D36 /* [CP] Copy Pods Resources */ = {
			isa = PBXShellScriptBuildPhase;
			buildActionMask = 2147483647;
			files = (
			);
			inputPaths = (
			);
			name = "[CP] Copy Pods Resources";
			outputPaths = (
			);
			runOnlyForDeploymentPostprocessing = 0;
			shellPath = /bin/sh;
			shellScript = "\"${SRCROOT}/Pods/Target Support Files/Pods-VAssistNew/Pods-VAssistNew-resources.sh\"\n";
			showEnvVarsInLog = 0;
		};
		B1B6A146CDE1BB5444D86AF5 /* [CP] Embed Pods Frameworks */ = {
			isa = PBXShellScriptBuildPhase;
			buildActionMask = 2147483647;
			files = (
			);
			inputPaths = (
			);
			name = "[CP] Embed Pods Frameworks";
			outputPaths = (
			);
			runOnlyForDeploymentPostprocessing = 0;
			shellPath = /bin/sh;
			shellScript = "\"${SRCROOT}/Pods/Target Support Files/Pods-VAssistNew/Pods-VAssistNew-frameworks.sh\"\n";
			showEnvVarsInLog = 0;
		};
/* End PBXShellScriptBuildPhase section */

/* Begin PBXSourcesBuildPhase section */
		339B5E121DDC746E005A3783 /* Sources */ = {
			isa = PBXSourcesBuildPhase;
			buildActionMask = 2147483647;
			files = (
				339B5E4C1DDC8710005A3783 /* Constants.m in Sources */,
				33658EA41DE6002F007B26E5 /* Device+CoreDataProperties.m in Sources */,
				339B5E211DDC746E005A3783 /* ViewController.m in Sources */,
				33658EA51DE6002F007B26E5 /* Device.m in Sources */,
				339B5E1E1DDC746E005A3783 /* AppDelegate.m in Sources */,
				339B5E511DDC8723005A3783 /* ObjectViewController.m in Sources */,
				339B5E521DDC8723005A3783 /* Utility.m in Sources */,
				339B5E271DDC746E005A3783 /* VAssistNew.xcdatamodeld in Sources */,
				339B5E1B1DDC746E005A3783 /* main.m in Sources */,
				33658EA71DE6002F007B26E5 /* Message.m in Sources */,
				33658EA61DE6002F007B26E5 /* Message+CoreDataProperties.m in Sources */,
			);
			runOnlyForDeploymentPostprocessing = 0;
		};
/* End PBXSourcesBuildPhase section */

/* Begin PBXVariantGroup section */
		339B5E221DDC746E005A3783 /* Main.storyboard */ = {
			isa = PBXVariantGroup;
			children = (
				339B5E231DDC746E005A3783 /* Base */,
			);
			name = Main.storyboard;
			sourceTree = "<group>";
		};
		339B5E2A1DDC746E005A3783 /* LaunchScreen.storyboard */ = {
			isa = PBXVariantGroup;
			children = (
				339B5E2B1DDC746E005A3783 /* Base */,
			);
			name = LaunchScreen.storyboard;
			sourceTree = "<group>";
		};
/* End PBXVariantGroup section */

/* Begin XCBuildConfiguration section */
		339B5E2E1DDC746E005A3783 /* Debug */ = {
			isa = XCBuildConfiguration;
			buildSettings = {
				ALWAYS_SEARCH_USER_PATHS = NO;
				CLANG_ANALYZER_NONNULL = YES;
				CLANG_CXX_LANGUAGE_STANDARD = "gnu++0x";
				CLANG_CXX_LIBRARY = "libc++";
				CLANG_ENABLE_MODULES = YES;
				CLANG_ENABLE_OBJC_ARC = YES;
				CLANG_WARN_BOOL_CONVERSION = YES;
				CLANG_WARN_CONSTANT_CONVERSION = YES;
				CLANG_WARN_DIRECT_OBJC_ISA_USAGE = YES_ERROR;
				CLANG_WARN_EMPTY_BODY = YES;
				CLANG_WARN_ENUM_CONVERSION = YES;
				CLANG_WARN_INT_CONVERSION = YES;
				CLANG_WARN_OBJC_ROOT_CLASS = YES_ERROR;
				CLANG_WARN_UNREACHABLE_CODE = YES;
				CLANG_WARN__DUPLICATE_METHOD_MATCH = YES;
				"CODE_SIGN_IDENTITY[sdk=iphoneos*]" = "iPhone Developer";
				COPY_PHASE_STRIP = NO;
				DEBUG_INFORMATION_FORMAT = dwarf;
				ENABLE_STRICT_OBJC_MSGSEND = YES;
				ENABLE_TESTABILITY = YES;
				GCC_C_LANGUAGE_STANDARD = gnu99;
				GCC_DYNAMIC_NO_PIC = NO;
				GCC_NO_COMMON_BLOCKS = YES;
				GCC_OPTIMIZATION_LEVEL = 0;
				GCC_PREPROCESSOR_DEFINITIONS = (
					"DEBUG=1",
					"$(inherited)",
				);
				GCC_WARN_64_TO_32_BIT_CONVERSION = YES;
				GCC_WARN_ABOUT_RETURN_TYPE = YES_ERROR;
				GCC_WARN_UNDECLARED_SELECTOR = YES;
				GCC_WARN_UNINITIALIZED_AUTOS = YES_AGGRESSIVE;
				GCC_WARN_UNUSED_FUNCTION = YES;
				GCC_WARN_UNUSED_VARIABLE = YES;
				IPHONEOS_DEPLOYMENT_TARGET = 9.3;
				MTL_ENABLE_DEBUG_INFO = YES;
				ONLY_ACTIVE_ARCH = YES;
				SDKROOT = iphoneos;
			};
			name = Debug;
		};
		339B5E2F1DDC746E005A3783 /* Release */ = {
			isa = XCBuildConfiguration;
			buildSettings = {
				ALWAYS_SEARCH_USER_PATHS = NO;
				CLANG_ANALYZER_NONNULL = YES;
				CLANG_CXX_LANGUAGE_STANDARD = "gnu++0x";
				CLANG_CXX_LIBRARY = "libc++";
				CLANG_ENABLE_MODULES = YES;
				CLANG_ENABLE_OBJC_ARC = YES;
				CLANG_WARN_BOOL_CONVERSION = YES;
				CLANG_WARN_CONSTANT_CONVERSION = YES;
				CLANG_WARN_DIRECT_OBJC_ISA_USAGE = YES_ERROR;
				CLANG_WARN_EMPTY_BODY = YES;
				CLANG_WARN_ENUM_CONVERSION = YES;
				CLANG_WARN_INT_CONVERSION = YES;
				CLANG_WARN_OBJC_ROOT_CLASS = YES_ERROR;
				CLANG_WARN_UNREACHABLE_CODE = YES;
				CLANG_WARN__DUPLICATE_METHOD_MATCH = YES;
				"CODE_SIGN_IDENTITY[sdk=iphoneos*]" = "iPhone Developer";
				COPY_PHASE_STRIP = NO;
				DEBUG_INFORMATION_FORMAT = "dwarf-with-dsym";
				ENABLE_NS_ASSERTIONS = NO;
				ENABLE_STRICT_OBJC_MSGSEND = YES;
				GCC_C_LANGUAGE_STANDARD = gnu99;
				GCC_NO_COMMON_BLOCKS = YES;
				GCC_WARN_64_TO_32_BIT_CONVERSION = YES;
				GCC_WARN_ABOUT_RETURN_TYPE = YES_ERROR;
				GCC_WARN_UNDECLARED_SELECTOR = YES;
				GCC_WARN_UNINITIALIZED_AUTOS = YES_AGGRESSIVE;
				GCC_WARN_UNUSED_FUNCTION = YES;
				GCC_WARN_UNUSED_VARIABLE = YES;
				IPHONEOS_DEPLOYMENT_TARGET = 9.3;
				MTL_ENABLE_DEBUG_INFO = NO;
				SDKROOT = iphoneos;
				VALIDATE_PRODUCT = YES;
			};
			name = Release;
		};
		339B5E311DDC746E005A3783 /* Debug */ = {
			isa = XCBuildConfiguration;
			baseConfigurationReference = 84BF66B721FFB1CE023EF40B /* Pods-VAssistNew.debug.xcconfig */;
			buildSettings = {
				ASSETCATALOG_COMPILER_APPICON_NAME = AppIcon;
				CODE_SIGN_IDENTITY = "iPhone Developer";
				"CODE_SIGN_IDENTITY[sdk=iphoneos*]" = "iPhone Developer";
				FRAMEWORK_SEARCH_PATHS = (
					"$(inherited)",
					"$(PROJECT_DIR)/OpenEars",
				);
				INFOPLIST_FILE = VAssistNew/Info.plist;
				LD_RUNPATH_SEARCH_PATHS = "$(inherited) @executable_path/Frameworks";
				PRODUCT_BUNDLE_IDENTIFIER = com.antandbuffalo.VAssistNew;
				PRODUCT_NAME = "$(TARGET_NAME)";
				PROVISIONING_PROFILE = "";
			};
			name = Debug;
		};
		339B5E321DDC746E005A3783 /* Release */ = {
			isa = XCBuildConfiguration;
			baseConfigurationReference = FA5C9D701FCDE4A7DA6C8001 /* Pods-VAssistNew.release.xcconfig */;
			buildSettings = {
				ASSETCATALOG_COMPILER_APPICON_NAME = AppIcon;
				CODE_SIGN_IDENTITY = "iPhone Developer";
				"CODE_SIGN_IDENTITY[sdk=iphoneos*]" = "iPhone Developer";
				FRAMEWORK_SEARCH_PATHS = (
					"$(inherited)",
					"$(PROJECT_DIR)/OpenEars",
				);
				INFOPLIST_FILE = VAssistNew/Info.plist;
				LD_RUNPATH_SEARCH_PATHS = "$(inherited) @executable_path/Frameworks";
				PRODUCT_BUNDLE_IDENTIFIER = com.antandbuffalo.VAssistNew;
				PRODUCT_NAME = "$(TARGET_NAME)";
				PROVISIONING_PROFILE = "";
			};
			name = Release;
		};
/* End XCBuildConfiguration section */

/* Begin XCConfigurationList section */
		339B5E111DDC746E005A3783 /* Build configuration list for PBXProject "VAssistNew" */ = {
			isa = XCConfigurationList;
			buildConfigurations = (
				339B5E2E1DDC746E005A3783 /* Debug */,
				339B5E2F1DDC746E005A3783 /* Release */,
			);
			defaultConfigurationIsVisible = 0;
			defaultConfigurationName = Release;
		};
		339B5E301DDC746E005A3783 /* Build configuration list for PBXNativeTarget "VAssistNew" */ = {
			isa = XCConfigurationList;
			buildConfigurations = (
				339B5E311DDC746E005A3783 /* Debug */,
				339B5E321DDC746E005A3783 /* Release */,
			);
			defaultConfigurationIsVisible = 0;
			defaultConfigurationName = Release;
		};
/* End XCConfigurationList section */

/* Begin XCVersionGroup section */
		339B5E251DDC746E005A3783 /* VAssistNew.xcdatamodeld */ = {
			isa = XCVersionGroup;
			children = (
				339B5E261DDC746E005A3783 /* VAssistNew.xcdatamodel */,
			);
			currentVersion = 339B5E261DDC746E005A3783 /* VAssistNew.xcdatamodel */;
			path = VAssistNew.xcdatamodeld;
			sourceTree = "<group>";
			versionGroupType = wrapper.xcdatamodel;
		};
/* End XCVersionGroup section */
	};
	rootObject = 339B5E0E1DDC746E005A3783 /* Project object */;
}
